// !$*UTF8*$!
{
	archiveVersion = 1;
	classes = {
	};
	objectVersion = 46;
	objects = {

/* Begin PBXBuildFile section */
		2B1277591E75233F00006937 /* RCTUMShareModule.m in Sources */ = {isa = PBXBuildFile; fileRef = 2B1277581E75233F00006937 /* RCTUMShareModule.m */; };
		2B12775A1E75233F00006937 /* RCTUMShareModule.h in Copy Files */ = {isa = PBXBuildFile; fileRef = 2B1277571E75233F00006937 /* RCTUMShareModule.h */; };
		2B6D3FE91E77994500C3018F /* TencentOpenAPI.framework in Frameworks */ = {isa = PBXBuildFile; fileRef = 2B6D3FC21E77994500C3018F /* TencentOpenAPI.framework */; };
		2B6D3FEA1E77994500C3018F /* UMSocialCore.framework in Frameworks */ = {isa = PBXBuildFile; fileRef = 2B6D3FC31E77994500C3018F /* UMSocialCore.framework */; };
		2B6D3FEB1E77994500C3018F /* UMSocialNetwork.framework in Frameworks */ = {isa = PBXBuildFile; fileRef = 2B6D3FC41E77994500C3018F /* UMSocialNetwork.framework */; };
		2B6D3FEC1E77994500C3018F /* UShareUI.framework in Frameworks */ = {isa = PBXBuildFile; fileRef = 2B6D3FC51E77994500C3018F /* UShareUI.framework */; };
		2B6D3FED1E77994500C3018F /* libSocialQQ.a in Frameworks */ = {isa = PBXBuildFile; fileRef = 2B6D3FC81E77994500C3018F /* libSocialQQ.a */; };
		2B6D3FEE1E77994500C3018F /* libSocialSina.a in Frameworks */ = {isa = PBXBuildFile; fileRef = 2B6D3FCB1E77994500C3018F /* libSocialSina.a */; };
		2B6D3FEF1E77994500C3018F /* libWeiboSDK.a in Frameworks */ = {isa = PBXBuildFile; fileRef = 2B6D3FCC1E77994500C3018F /* libWeiboSDK.a */; };
		2B6D3FF21E77994500C3018F /* libUMSocialLog.a in Frameworks */ = {isa = PBXBuildFile; fileRef = 2B6D3FE31E77994500C3018F /* libUMSocialLog.a */; };
		2B6D40111E77AE0300C3018F /* libSocialWeChat.a in Frameworks */ = {isa = PBXBuildFile; fileRef = 2B6D3FDA1E77994500C3018F /* libSocialWeChat.a */; };
		2B6D40121E77AE0400C3018F /* libWeChatSDK.a in Frameworks */ = {isa = PBXBuildFile; fileRef = 2B6D3FDB1E77994500C3018F /* libWeChatSDK.a */; };
/* End PBXBuildFile section */

/* Begin PBXCopyFilesBuildPhase section */
		2B1277521E75233F00006937 /* Copy Files */ = {
			isa = PBXCopyFilesBuildPhase;
			buildActionMask = 2147483647;
			dstPath = "include/$(PRODUCT_NAME)";
			dstSubfolderSpec = 16;
			files = (
				2B12775A1E75233F00006937 /* RCTUMShareModule.h in Copy Files */,
			);
			name = "Copy Files";
			runOnlyForDeploymentPostprocessing = 0;
		};
/* End PBXCopyFilesBuildPhase section */

/* Begin PBXFileReference section */
		2B1277541E75233F00006937 /* libRCTUMShareModule.a */ = {isa = PBXFileReference; explicitFileType = archive.ar; includeInIndex = 0; path = libRCTUMShareModule.a; sourceTree = BUILT_PRODUCTS_DIR; };
		2B1277571E75233F00006937 /* RCTUMShareModule.h */ = {isa = PBXFileReference; lastKnownFileType = sourcecode.c.h; path = RCTUMShareModule.h; sourceTree = "<group>"; };
		2B1277581E75233F00006937 /* RCTUMShareModule.m */ = {isa = PBXFileReference; lastKnownFileType = sourcecode.c.objc; path = RCTUMShareModule.m; sourceTree = "<group>"; };
		2B31DFA01E75A61F006DE3FB /* libsqlite3.tbd */ = {isa = PBXFileReference; lastKnownFileType = "sourcecode.text-based-dylib-definition"; name = libsqlite3.tbd; path = usr/lib/libsqlite3.tbd; sourceTree = SDKROOT; };
		2B31DFA21E75A639006DE3FB /* CoreGraphics.framework */ = {isa = PBXFileReference; lastKnownFileType = wrapper.framework; name = CoreGraphics.framework; path = System/Library/Frameworks/CoreGraphics.framework; sourceTree = SDKROOT; };
		2B31DFA41E75A64B006DE3FB /* SystemConfiguration.framework */ = {isa = PBXFileReference; lastKnownFileType = wrapper.framework; name = SystemConfiguration.framework; path = System/Library/Frameworks/SystemConfiguration.framework; sourceTree = SDKROOT; };
		2B31DFA61E75A65F006DE3FB /* CoreTelephony.framework */ = {isa = PBXFileReference; lastKnownFileType = wrapper.framework; name = CoreTelephony.framework; path = System/Library/Frameworks/CoreTelephony.framework; sourceTree = SDKROOT; };
		2B31DFA81E75A66F006DE3FB /* libc++.tbd */ = {isa = PBXFileReference; lastKnownFileType = "sourcecode.text-based-dylib-definition"; name = "libc++.tbd"; path = "usr/lib/libc++.tbd"; sourceTree = SDKROOT; };
		2B31DFAA1E75A678006DE3FB /* libz.tbd */ = {isa = PBXFileReference; lastKnownFileType = "sourcecode.text-based-dylib-definition"; name = libz.tbd; path = usr/lib/libz.tbd; sourceTree = SDKROOT; };
		2B6D3F6D1E7793E200C3018F /* libSocialQQ.a */ = {isa = PBXFileReference; lastKnownFileType = archive.ar; name = libSocialQQ.a; path = RCTUMShareModule/UMSocial/SocialLibraries/QQ/libSocialQQ.a; sourceTree = "<group>"; };
		2B6D3FC21E77994500C3018F /* TencentOpenAPI.framework */ = {isa = PBXFileReference; lastKnownFileType = wrapper.framework; path = TencentOpenAPI.framework; sourceTree = "<group>"; };
		2B6D3FC31E77994500C3018F /* UMSocialCore.framework */ = {isa = PBXFileReference; lastKnownFileType = wrapper.framework; path = UMSocialCore.framework; sourceTree = "<group>"; };
		2B6D3FC41E77994500C3018F /* UMSocialNetwork.framework */ = {isa = PBXFileReference; lastKnownFileType = wrapper.framework; path = UMSocialNetwork.framework; sourceTree = "<group>"; };
		2B6D3FC51E77994500C3018F /* UShareUI.framework */ = {isa = PBXFileReference; lastKnownFileType = wrapper.framework; path = UShareUI.framework; sourceTree = "<group>"; };
		2B6D3FC81E77994500C3018F /* libSocialQQ.a */ = {isa = PBXFileReference; lastKnownFileType = archive.ar; path = libSocialQQ.a; sourceTree = "<group>"; };
		2B6D3FC91E77994500C3018F /* UMSocialQQHandler.h */ = {isa = PBXFileReference; fileEncoding = 4; lastKnownFileType = sourcecode.c.h; path = UMSocialQQHandler.h; sourceTree = "<group>"; };
		2B6D3FCB1E77994500C3018F /* libSocialSina.a */ = {isa = PBXFileReference; lastKnownFileType = archive.ar; path = libSocialSina.a; sourceTree = "<group>"; };
		2B6D3FCC1E77994500C3018F /* libWeiboSDK.a */ = {isa = PBXFileReference; lastKnownFileType = archive.ar; path = libWeiboSDK.a; sourceTree = "<group>"; };
		2B6D3FCD1E77994500C3018F /* UMSocialSinaHandler.h */ = {isa = PBXFileReference; fileEncoding = 4; lastKnownFileType = sourcecode.c.h; path = UMSocialSinaHandler.h; sourceTree = "<group>"; };
		2B6D3FCE1E77994500C3018F /* WBHttpRequest+WeiboGame.h */ = {isa = PBXFileReference; fileEncoding = 4; lastKnownFileType = sourcecode.c.h; path = "WBHttpRequest+WeiboGame.h"; sourceTree = "<group>"; };
		2B6D3FCF1E77994500C3018F /* WBHttpRequest+WeiboShare.h */ = {isa = PBXFileReference; fileEncoding = 4; lastKnownFileType = sourcecode.c.h; path = "WBHttpRequest+WeiboShare.h"; sourceTree = "<group>"; };
		2B6D3FD01E77994500C3018F /* WBHttpRequest+WeiboToken.h */ = {isa = PBXFileReference; fileEncoding = 4; lastKnownFileType = sourcecode.c.h; path = "WBHttpRequest+WeiboToken.h"; sourceTree = "<group>"; };
		2B6D3FD11E77994500C3018F /* WBHttpRequest+WeiboUser.h */ = {isa = PBXFileReference; fileEncoding = 4; lastKnownFileType = sourcecode.c.h; path = "WBHttpRequest+WeiboUser.h"; sourceTree = "<group>"; };
		2B6D3FD21E77994500C3018F /* WBHttpRequest.h */ = {isa = PBXFileReference; fileEncoding = 4; lastKnownFileType = sourcecode.c.h; path = WBHttpRequest.h; sourceTree = "<group>"; };
		2B6D3FD31E77994500C3018F /* WBSDKBasicButton.h */ = {isa = PBXFileReference; fileEncoding = 4; lastKnownFileType = sourcecode.c.h; path = WBSDKBasicButton.h; sourceTree = "<group>"; };
		2B6D3FD41E77994500C3018F /* WBSDKCommentButton.h */ = {isa = PBXFileReference; fileEncoding = 4; lastKnownFileType = sourcecode.c.h; path = WBSDKCommentButton.h; sourceTree = "<group>"; };
		2B6D3FD51E77994500C3018F /* WBSDKRelationshipButton.h */ = {isa = PBXFileReference; fileEncoding = 4; lastKnownFileType = sourcecode.c.h; path = WBSDKRelationshipButton.h; sourceTree = "<group>"; };
		2B6D3FD61E77994500C3018F /* WeiboSDK+Statistics.h */ = {isa = PBXFileReference; fileEncoding = 4; lastKnownFileType = sourcecode.c.h; path = "WeiboSDK+Statistics.h"; sourceTree = "<group>"; };
		2B6D3FD71E77994500C3018F /* WeiboSDK.h */ = {isa = PBXFileReference; fileEncoding = 4; lastKnownFileType = sourcecode.c.h; path = WeiboSDK.h; sourceTree = "<group>"; };
		2B6D3FD81E77994500C3018F /* WeiboUser.h */ = {isa = PBXFileReference; fileEncoding = 4; lastKnownFileType = sourcecode.c.h; path = WeiboUser.h; sourceTree = "<group>"; };
		2B6D3FDA1E77994500C3018F /* libSocialWeChat.a */ = {isa = PBXFileReference; lastKnownFileType = archive.ar; path = libSocialWeChat.a; sourceTree = "<group>"; };
		2B6D3FDB1E77994500C3018F /* libWeChatSDK.a */ = {isa = PBXFileReference; lastKnownFileType = archive.ar; path = libWeChatSDK.a; sourceTree = "<group>"; };
		2B6D3FDC1E77994500C3018F /* read_me.txt */ = {isa = PBXFileReference; fileEncoding = 4; lastKnownFileType = text; path = read_me.txt; sourceTree = "<group>"; };
		2B6D3FDD1E77994500C3018F /* README.txt */ = {isa = PBXFileReference; fileEncoding = 4; lastKnownFileType = text; path = README.txt; sourceTree = "<group>"; };
		2B6D3FDE1E77994500C3018F /* UMSocialWechatHandler.h */ = {isa = PBXFileReference; fileEncoding = 4; lastKnownFileType = sourcecode.c.h; path = UMSocialWechatHandler.h; sourceTree = "<group>"; };
		2B6D3FDF1E77994500C3018F /* WechatAuthSDK.h */ = {isa = PBXFileReference; fileEncoding = 4; lastKnownFileType = sourcecode.c.h; path = WechatAuthSDK.h; sourceTree = "<group>"; };
		2B6D3FE01E77994500C3018F /* WXApi.h */ = {isa = PBXFileReference; fileEncoding = 4; lastKnownFileType = sourcecode.c.h; path = WXApi.h; sourceTree = "<group>"; };
		2B6D3FE11E77994500C3018F /* WXApiObject.h */ = {isa = PBXFileReference; fileEncoding = 4; lastKnownFileType = sourcecode.c.h; path = WXApiObject.h; sourceTree = "<group>"; };
		2B6D3FE31E77994500C3018F /* libUMSocialLog.a */ = {isa = PBXFileReference; lastKnownFileType = archive.ar; path = libUMSocialLog.a; sourceTree = "<group>"; };
		2B6D3FE51E77994500C3018F /* TencentOpenApi_IOS_Bundle.bundle */ = {isa = PBXFileReference; lastKnownFileType = "wrapper.plug-in"; path = TencentOpenApi_IOS_Bundle.bundle; sourceTree = "<group>"; };
		2B6D3FE61E77994500C3018F /* UMSocialSDKPromptResources.bundle */ = {isa = PBXFileReference; lastKnownFileType = "wrapper.plug-in"; path = UMSocialSDKPromptResources.bundle; sourceTree = "<group>"; };
		2B6D3FE71E77994500C3018F /* UMSocialSDKResources.bundle */ = {isa = PBXFileReference; lastKnownFileType = "wrapper.plug-in"; path = UMSocialSDKResources.bundle; sourceTree = "<group>"; };
		2B6D3FE81E77994500C3018F /* WeiboSDK.bundle */ = {isa = PBXFileReference; lastKnownFileType = "wrapper.plug-in"; path = WeiboSDK.bundle; sourceTree = "<group>"; };
/* End PBXFileReference section */

/* Begin PBXFrameworksBuildPhase section */
		2B1277511E75233F00006937 /* Frameworks */ = {
			isa = PBXFrameworksBuildPhase;
			buildActionMask = 2147483647;
			files = (
				2B6D3FED1E77994500C3018F /* libSocialQQ.a in Frameworks */,
				2B6D3FEC1E77994500C3018F /* UShareUI.framework in Frameworks */,
				2B6D3FEA1E77994500C3018F /* UMSocialCore.framework in Frameworks */,
				2B6D3FEF1E77994500C3018F /* libWeiboSDK.a in Frameworks */,
				2B6D3FE91E77994500C3018F /* TencentOpenAPI.framework in Frameworks */,
				2B6D3FEB1E77994500C3018F /* UMSocialNetwork.framework in Frameworks */,
				2B6D40111E77AE0300C3018F /* libSocialWeChat.a in Frameworks */,
				2B6D40121E77AE0400C3018F /* libWeChatSDK.a in Frameworks */,
				2B6D3FEE1E77994500C3018F /* libSocialSina.a in Frameworks */,
				2B6D3FF21E77994500C3018F /* libUMSocialLog.a in Frameworks */,
			);
			runOnlyForDeploymentPostprocessing = 0;
		};
/* End PBXFrameworksBuildPhase section */

/* Begin PBXGroup section */
		2B12774B1E75233F00006937 = {
			isa = PBXGroup;
			children = (
				2B1277561E75233F00006937 /* RCTUMShareModule */,
				2B1277551E75233F00006937 /* Products */,
				2B1279DC1E75928C00006937 /* Frameworks */,
			);
			sourceTree = "<group>";
		};
		2B1277551E75233F00006937 /* Products */ = {
			isa = PBXGroup;
			children = (
				2B1277541E75233F00006937 /* libRCTUMShareModule.a */,
			);
			name = Products;
			sourceTree = "<group>";
		};
		2B1277561E75233F00006937 /* RCTUMShareModule */ = {
			isa = PBXGroup;
			children = (
				2B6D3FC01E77994500C3018F /* UMSocial */,
				2B1277571E75233F00006937 /* RCTUMShareModule.h */,
				2B1277581E75233F00006937 /* RCTUMShareModule.m */,
			);
			path = RCTUMShareModule;
			sourceTree = "<group>";
		};
		2B1279DC1E75928C00006937 /* Frameworks */ = {
			isa = PBXGroup;
			children = (
				2B6D3F6D1E7793E200C3018F /* libSocialQQ.a */,
				2B31DFAA1E75A678006DE3FB /* libz.tbd */,
				2B31DFA81E75A66F006DE3FB /* libc++.tbd */,
				2B31DFA61E75A65F006DE3FB /* CoreTelephony.framework */,
				2B31DFA41E75A64B006DE3FB /* SystemConfiguration.framework */,
				2B31DFA21E75A639006DE3FB /* CoreGraphics.framework */,
				2B31DFA01E75A61F006DE3FB /* libsqlite3.tbd */,
			);
			name = Frameworks;
			sourceTree = "<group>";
		};
		2B6D3FC01E77994500C3018F /* UMSocial */ = {
			isa = PBXGroup;
			children = (
				2B6D3FC11E77994500C3018F /* SocialFrameworks */,
				2B6D3FC61E77994500C3018F /* SocialLibraries */,
				2B6D3FE21E77994500C3018F /* UMSocialSDK */,
				2B6D3FE41E77994500C3018F /* UMSocialUI */,
			);
			path = UMSocial;
			sourceTree = "<group>";
		};
		2B6D3FC11E77994500C3018F /* SocialFrameworks */ = {
			isa = PBXGroup;
			children = (
				2B6D3FC21E77994500C3018F /* TencentOpenAPI.framework */,
				2B6D3FC31E77994500C3018F /* UMSocialCore.framework */,
				2B6D3FC41E77994500C3018F /* UMSocialNetwork.framework */,
				2B6D3FC51E77994500C3018F /* UShareUI.framework */,
			);
			path = SocialFrameworks;
			sourceTree = "<group>";
		};
		2B6D3FC61E77994500C3018F /* SocialLibraries */ = {
			isa = PBXGroup;
			children = (
				2B6D3FC71E77994500C3018F /* QQ */,
				2B6D3FCA1E77994500C3018F /* Sina */,
				2B6D3FD91E77994500C3018F /* WeChat */,
			);
			path = SocialLibraries;
			sourceTree = "<group>";
		};
		2B6D3FC71E77994500C3018F /* QQ */ = {
			isa = PBXGroup;
			children = (
				2B6D3FC81E77994500C3018F /* libSocialQQ.a */,
				2B6D3FC91E77994500C3018F /* UMSocialQQHandler.h */,
			);
			path = QQ;
			sourceTree = "<group>";
		};
		2B6D3FCA1E77994500C3018F /* Sina */ = {
			isa = PBXGroup;
			children = (
				2B6D3FCB1E77994500C3018F /* libSocialSina.a */,
				2B6D3FCC1E77994500C3018F /* libWeiboSDK.a */,
				2B6D3FCD1E77994500C3018F /* UMSocialSinaHandler.h */,
				2B6D3FCE1E77994500C3018F /* WBHttpRequest+WeiboGame.h */,
				2B6D3FCF1E77994500C3018F /* WBHttpRequest+WeiboShare.h */,
				2B6D3FD01E77994500C3018F /* WBHttpRequest+WeiboToken.h */,
				2B6D3FD11E77994500C3018F /* WBHttpRequest+WeiboUser.h */,
				2B6D3FD21E77994500C3018F /* WBHttpRequest.h */,
				2B6D3FD31E77994500C3018F /* WBSDKBasicButton.h */,
				2B6D3FD41E77994500C3018F /* WBSDKCommentButton.h */,
				2B6D3FD51E77994500C3018F /* WBSDKRelationshipButton.h */,
				2B6D3FD61E77994500C3018F /* WeiboSDK+Statistics.h */,
				2B6D3FD71E77994500C3018F /* WeiboSDK.h */,
				2B6D3FD81E77994500C3018F /* WeiboUser.h */,
			);
			path = Sina;
			sourceTree = "<group>";
		};
		2B6D3FD91E77994500C3018F /* WeChat */ = {
			isa = PBXGroup;
			children = (
				2B6D3FDA1E77994500C3018F /* libSocialWeChat.a */,
				2B6D3FDB1E77994500C3018F /* libWeChatSDK.a */,
				2B6D3FDC1E77994500C3018F /* read_me.txt */,
				2B6D3FDD1E77994500C3018F /* README.txt */,
				2B6D3FDE1E77994500C3018F /* UMSocialWechatHandler.h */,
				2B6D3FDF1E77994500C3018F /* WechatAuthSDK.h */,
				2B6D3FE01E77994500C3018F /* WXApi.h */,
				2B6D3FE11E77994500C3018F /* WXApiObject.h */,
			);
			path = WeChat;
			sourceTree = "<group>";
		};
		2B6D3FE21E77994500C3018F /* UMSocialSDK */ = {
			isa = PBXGroup;
			children = (
				2B6D3FE31E77994500C3018F /* libUMSocialLog.a */,
			);
			path = UMSocialSDK;
			sourceTree = "<group>";
		};
		2B6D3FE41E77994500C3018F /* UMSocialUI */ = {
			isa = PBXGroup;
			children = (
				2B6D3FE51E77994500C3018F /* TencentOpenApi_IOS_Bundle.bundle */,
				2B6D3FE61E77994500C3018F /* UMSocialSDKPromptResources.bundle */,
				2B6D3FE71E77994500C3018F /* UMSocialSDKResources.bundle */,
				2B6D3FE81E77994500C3018F /* WeiboSDK.bundle */,
			);
			path = UMSocialUI;
			sourceTree = "<group>";
		};
/* End PBXGroup section */

/* Begin PBXNativeTarget section */
		2B1277531E75233F00006937 /* RCTUMShareModule */ = {
			isa = PBXNativeTarget;
			buildConfigurationList = 2B12775D1E75233F00006937 /* Build configuration list for PBXNativeTarget "RCTUMShareModule" */;
			buildPhases = (
				2B1277501E75233F00006937 /* Sources */,
				2B1277511E75233F00006937 /* Frameworks */,
				2B1277521E75233F00006937 /* Copy Files */,
			);
			buildRules = (
			);
			dependencies = (
			);
			name = RCTUMShareModule;
			productName = RCTUMShareModule;
			productReference = 2B1277541E75233F00006937 /* libRCTUMShareModule.a */;
			productType = "com.apple.product-type.library.static";
		};
/* End PBXNativeTarget section */

/* Begin PBXProject section */
		2B12774C1E75233F00006937 /* Project object */ = {
			isa = PBXProject;
			attributes = {
				LastUpgradeCheck = 0820;
				ORGANIZATIONNAME = zzy;
				TargetAttributes = {
					2B1277531E75233F00006937 = {
						CreatedOnToolsVersion = 8.2.1;
						DevelopmentTeam = 33KGZ49A6U;
						ProvisioningStyle = Automatic;
					};
				};
			};
			buildConfigurationList = 2B12774F1E75233F00006937 /* Build configuration list for PBXProject "RCTUMShareModule" */;
			compatibilityVersion = "Xcode 3.2";
			developmentRegion = English;
			hasScannedForEncodings = 0;
			knownRegions = (
				en,
			);
			mainGroup = 2B12774B1E75233F00006937;
			productRefGroup = 2B1277551E75233F00006937 /* Products */;
			projectDirPath = "";
			projectRoot = "";
			targets = (
				2B1277531E75233F00006937 /* RCTUMShareModule */,
			);
		};
/* End PBXProject section */

/* Begin PBXSourcesBuildPhase section */
		2B1277501E75233F00006937 /* Sources */ = {
			isa = PBXSourcesBuildPhase;
			buildActionMask = 2147483647;
			files = (
				2B1277591E75233F00006937 /* RCTUMShareModule.m in Sources */,
			);
			runOnlyForDeploymentPostprocessing = 0;
		};
/* End PBXSourcesBuildPhase section */

/* Begin XCBuildConfiguration section */
		2B12775B1E75233F00006937 /* Debug */ = {
			isa = XCBuildConfiguration;
			buildSettings = {
				ALWAYS_SEARCH_USER_PATHS = NO;
				CLANG_ANALYZER_NONNULL = YES;
				CLANG_CXX_LANGUAGE_STANDARD = "gnu++0x";
				CLANG_CXX_LIBRARY = "libc++";
				CLANG_ENABLE_MODULES = YES;
				CLANG_ENABLE_OBJC_ARC = YES;
				CLANG_WARN_BOOL_CONVERSION = YES;
				CLANG_WARN_CONSTANT_CONVERSION = YES;
				CLANG_WARN_DIRECT_OBJC_ISA_USAGE = YES_ERROR;
				CLANG_WARN_DOCUMENTATION_COMMENTS = YES;
				CLANG_WARN_EMPTY_BODY = YES;
				CLANG_WARN_ENUM_CONVERSION = YES;
				CLANG_WARN_INFINITE_RECURSION = YES;
				CLANG_WARN_INT_CONVERSION = YES;
				CLANG_WARN_OBJC_ROOT_CLASS = YES_ERROR;
				CLANG_WARN_SUSPICIOUS_MOVE = YES;
				CLANG_WARN_UNREACHABLE_CODE = YES;
				CLANG_WARN__DUPLICATE_METHOD_MATCH = YES;
				"CODE_SIGN_IDENTITY[sdk=iphoneos*]" = "iPhone Developer";
				COPY_PHASE_STRIP = NO;
				DEBUG_INFORMATION_FORMAT = dwarf;
				ENABLE_STRICT_OBJC_MSGSEND = YES;
				ENABLE_TESTABILITY = YES;
				GCC_C_LANGUAGE_STANDARD = gnu99;
				GCC_DYNAMIC_NO_PIC = NO;
				GCC_NO_COMMON_BLOCKS = YES;
				GCC_OPTIMIZATION_LEVEL = 0;
				GCC_PREPROCESSOR_DEFINITIONS = (
					"DEBUG=1",
					"$(inherited)",
				);
				GCC_WARN_64_TO_32_BIT_CONVERSION = YES;
				GCC_WARN_ABOUT_RETURN_TYPE = YES_ERROR;
				GCC_WARN_UNDECLARED_SELECTOR = YES;
				GCC_WARN_UNINITIALIZED_AUTOS = YES_AGGRESSIVE;
				GCC_WARN_UNUSED_FUNCTION = YES;
				GCC_WARN_UNUSED_VARIABLE = YES;
				IPHONEOS_DEPLOYMENT_TARGET = 8.0;
				MTL_ENABLE_DEBUG_INFO = YES;
				ONLY_ACTIVE_ARCH = YES;
				SDKROOT = iphoneos;
			};
			name = Debug;
		};
		2B12775C1E75233F00006937 /* Release */ = {
			isa = XCBuildConfiguration;
			buildSettings = {
				ALWAYS_SEARCH_USER_PATHS = NO;
				CLANG_ANALYZER_NONNULL = YES;
				CLANG_CXX_LANGUAGE_STANDARD = "gnu++0x";
				CLANG_CXX_LIBRARY = "libc++";
				CLANG_ENABLE_MODULES = YES;
				CLANG_ENABLE_OBJC_ARC = YES;
				CLANG_WARN_BOOL_CONVERSION = YES;
				CLANG_WARN_CONSTANT_CONVERSION = YES;
				CLANG_WARN_DIRECT_OBJC_ISA_USAGE = YES_ERROR;
				CLANG_WARN_DOCUMENTATION_COMMENTS = YES;
				CLANG_WARN_EMPTY_BODY = YES;
				CLANG_WARN_ENUM_CONVERSION = YES;
				CLANG_WARN_INFINITE_RECURSION = YES;
				CLANG_WARN_INT_CONVERSION = YES;
				CLANG_WARN_OBJC_ROOT_CLASS = YES_ERROR;
				CLANG_WARN_SUSPICIOUS_MOVE = YES;
				CLANG_WARN_UNREACHABLE_CODE = YES;
				CLANG_WARN__DUPLICATE_METHOD_MATCH = YES;
				"CODE_SIGN_IDENTITY[sdk=iphoneos*]" = "iPhone Developer";
				COPY_PHASE_STRIP = NO;
				DEBUG_INFORMATION_FORMAT = "dwarf-with-dsym";
				ENABLE_NS_ASSERTIONS = NO;
				ENABLE_STRICT_OBJC_MSGSEND = YES;
				GCC_C_LANGUAGE_STANDARD = gnu99;
				GCC_NO_COMMON_BLOCKS = YES;
				GCC_WARN_64_TO_32_BIT_CONVERSION = YES;
				GCC_WARN_ABOUT_RETURN_TYPE = YES_ERROR;
				GCC_WARN_UNDECLARED_SELECTOR = YES;
				GCC_WARN_UNINITIALIZED_AUTOS = YES_AGGRESSIVE;
				GCC_WARN_UNUSED_FUNCTION = YES;
				GCC_WARN_UNUSED_VARIABLE = YES;
				IPHONEOS_DEPLOYMENT_TARGET = 8.0;
				MTL_ENABLE_DEBUG_INFO = NO;
				SDKROOT = iphoneos;
				VALIDATE_PRODUCT = YES;
			};
			name = Release;
		};
		2B12775E1E75233F00006937 /* Debug */ = {
			isa = XCBuildConfiguration;
			buildSettings = {
				DEVELOPMENT_TEAM = 33KGZ49A6U;
				FRAMEWORK_SEARCH_PATHS = (
					"$(SRCROOT)/RCTUMShareModule/UMSocial/**",
					"$(PROJECT_DIR)/RCTUMShareModule/UMSocial/SocialLibraries/QQ",
					"$(PROJECT_DIR)/RCTUMShareModule/UMSocial/UMSocialSDK",
					"$(PROJECT_DIR)/RCTUMShareModule/UMSocial/UMSocialUI",
					"$(PROJECT_DIR)/RCTUMShareModule/UMSocial/SocialFrameworks",
				);
				HEADER_SEARCH_PATHS = "";
				LIBRARY_SEARCH_PATHS = (
					"$(inherited)",
					"$(PROJECT_DIR)/RCTUMShareModule/UMSocial/SocialLibraries/QQ",
					"$(PROJECT_DIR)/RCTUMShareModule/UMSocial/SocialLibraries/Sina",
					"$(PROJECT_DIR)/RCTUMShareModule/UMSocial/SocialLibraries/WeChat",
					"$(PROJECT_DIR)/RCTUMShareModule/UMSocial/UMSocialSDK",
				);
				ONLY_ACTIVE_ARCH = YES;
				OTHER_LDFLAGS = "-ObjC";
				PRODUCT_NAME = "$(TARGET_NAME)";
				SKIP_INSTALL = YES;
			};
			name = Debug;
		};
		2B12775F1E75233F00006937 /* Release */ = {
			isa = XCBuildConfiguration;
			buildSettings = {
				DEVELOPMENT_TEAM = 33KGZ49A6U;
				FRAMEWORK_SEARCH_PATHS = (
					"$(SRCROOT)/RCTUMShareModule/UMSocial/**",
					"$(PROJECT_DIR)/RCTUMShareModule/UMSocial/SocialLibraries/QQ",
					"$(PROJECT_DIR)/RCTUMShareModule/UMSocial/UMSocialSDK",
					"$(PROJECT_DIR)/RCTUMShareModule/UMSocial/UMSocialUI",
					"$(PROJECT_DIR)/RCTUMShareModule/UMSocial/SocialFrameworks",
				);
				HEADER_SEARCH_PATHS = "";
				LIBRARY_SEARCH_PATHS = (
					"$(inherited)",
					"$(PROJECT_DIR)/RCTUMShareModule/UMSocial/SocialLibraries/QQ",
					"$(PROJECT_DIR)/RCTUMShareModule/UMSocial/SocialLibraries/Sina",
					"$(PROJECT_DIR)/RCTUMShareModule/UMSocial/SocialLibraries/WeChat",
					"$(PROJECT_DIR)/RCTUMShareModule/UMSocial/UMSocialSDK",
				);
				OTHER_LDFLAGS = "-ObjC";
				PRODUCT_NAME = "$(TARGET_NAME)";
				SKIP_INSTALL = YES;
			};
			name = Release;
		};
/* End XCBuildConfiguration section */

/* Begin XCConfigurationList section */
		2B12774F1E75233F00006937 /* Build configuration list for PBXProject "RCTUMShareModule" */ = {
			isa = XCConfigurationList;
			buildConfigurations = (
				2B12775B1E75233F00006937 /* Debug */,
				2B12775C1E75233F00006937 /* Release */,
			);
			defaultConfigurationIsVisible = 0;
			defaultConfigurationName = Release;
		};
		2B12775D1E75233F00006937 /* Build configuration list for PBXNativeTarget "RCTUMShareModule" */ = {
			isa = XCConfigurationList;
			buildConfigurations = (
				2B12775E1E75233F00006937 /* Debug */,
				2B12775F1E75233F00006937 /* Release */,
			);
			defaultConfigurationIsVisible = 0;
			defaultConfigurationName = Release;
		};
/* End XCConfigurationList section */
	};
	rootObject = 2B12774C1E75233F00006937 /* Project object */;
}
